
Microsoft Visual Studio Solution File, Format Version 12.00
# Visual Studio Version 17
VisualStudioVersion = 17.0.31903.59
MinimumVisualStudioVersion = 10.0.40219.1
Project("{FAE04EC0-301F-11D3-BF4B-00C04F79EFBC}") = "Kuroko", "Kuroko\Kuroko.csproj", "{B83371D9-3FE3-4764-B7D3-3E8C80E7F9DC}"
EndProject
Project("{FAE04EC0-301F-11D3-BF4B-00C04F79EFBC}") = "Kuroko.Shared", "Kuroko.Shared\Kuroko.Shared.csproj", "{463A5D3E-D4A5-4FE0-8ACA-5084E14C4981}"
EndProject
Project("{FAE04EC0-301F-11D3-BF4B-00C04F79EFBC}") = "Kuroko.Database", "Kuroko.Database\Kuroko.Database.csproj", "{939B3F9C-FDDD-4ABB-BC26-A948F92647D9}"
EndProject
Global
	GlobalSection(SolutionConfigurationPlatforms) = preSolution
		Debug|Any CPU = Debug|Any CPU
		Release|Any CPU = Release|Any CPU
		SemiDebug|Any CPU = SemiDebug|Any CPU
	EndGlobalSection
	GlobalSection(SolutionProperties) = preSolution
		HideSolutionNode = FALSE
	EndGlobalSection
	GlobalSection(ProjectConfigurationPlatforms) = postSolution
		{B83371D9-3FE3-4764-B7D3-3E8C80E7F9DC}.Debug|Any CPU.ActiveCfg = Debug|Any CPU
		{B83371D9-3FE3-4764-B7D3-3E8C80E7F9DC}.Debug|Any CPU.Build.0 = Debug|Any CPU
		{B83371D9-3FE3-4764-B7D3-3E8C80E7F9DC}.Release|Any CPU.ActiveCfg = Release|Any CPU
		{B83371D9-3FE3-4764-B7D3-3E8C80E7F9DC}.Release|Any CPU.Build.0 = Release|Any CPU
		{B83371D9-3FE3-4764-B7D3-3E8C80E7F9DC}.SemiDebug|Any CPU.ActiveCfg = Debug|Any CPU
		{B83371D9-3FE3-4764-B7D3-3E8C80E7F9DC}.SemiDebug|Any CPU.Build.0 = Debug|Any CPU
		{463A5D3E-D4A5-4FE0-8ACA-5084E14C4981}.Debug|Any CPU.ActiveCfg = Debug|Any CPU
		{463A5D3E-D4A5-4FE0-8ACA-5084E14C4981}.Debug|Any CPU.Build.0 = Debug|Any CPU
		{463A5D3E-D4A5-4FE0-8ACA-5084E14C4981}.Release|Any CPU.ActiveCfg = Release|Any CPU
		{463A5D3E-D4A5-4FE0-8ACA-5084E14C4981}.Release|Any CPU.Build.0 = Release|Any CPU
		{463A5D3E-D4A5-4FE0-8ACA-5084E14C4981}.SemiDebug|Any CPU.ActiveCfg = Debug|Any CPU
		{463A5D3E-D4A5-4FE0-8ACA-5084E14C4981}.SemiDebug|Any CPU.Build.0 = Debug|Any CPU
		{939B3F9C-FDDD-4ABB-BC26-A948F92647D9}.Debug|Any CPU.ActiveCfg = Debug|Any CPU
		{939B3F9C-FDDD-4ABB-BC26-A948F92647D9}.Debug|Any CPU.Build.0 = Debug|Any CPU
		{939B3F9C-FDDD-4ABB-BC26-A948F92647D9}.Release|Any CPU.ActiveCfg = Release|Any CPU
		{939B3F9C-FDDD-4ABB-BC26-A948F92647D9}.Release|Any CPU.Build.0 = Release|Any CPU
		{939B3F9C-FDDD-4ABB-BC26-A948F92647D9}.SemiDebug|Any CPU.ActiveCfg = Release|Any CPU
		{939B3F9C-FDDD-4ABB-BC26-A948F92647D9}.SemiDebug|Any CPU.Build.0 = Release|Any CPU
	EndGlobalSection
EndGlobal
