
Microsoft Visual Studio Solution File, Format Version 12.00
# Visual Studio Version 17
VisualStudioVersion = 17.5.33627.172
MinimumVisualStudioVersion = 10.0.40219.1
Project("{9A19103F-16F7-4668-BE54-9A1E7A4F7556}") = "Kuroko", "Kuroko\Kuroko.csproj", "{513DBADF-9338-4BB3-BC0D-99EBE956C241}"
EndProject
Project("{9A19103F-16F7-4668-BE54-9A1E7A4F7556}") = "Kuroko.Database", "Kuroko.Database\Kuroko.Database.csproj", "{C790C8E5-2CB6-4234-856C-DEA6E79B6484}"
EndProject
Project("{FAE04EC0-301F-11D3-BF4B-00C04F79EFBC}") = "Kuroko.Shared", "Kuroko.Shared\Kuroko.Shared.csproj", "{7EE93CBD-BDBB-47A0-A3A7-600DF83ADA7E}"
EndProject
Global
	GlobalSection(SolutionConfigurationPlatforms) = preSolution
		Debug|Any CPU = Debug|Any CPU
		Release|Any CPU = Release|Any CPU
	EndGlobalSection
	GlobalSection(ProjectConfigurationPlatforms) = postSolution
		{513DBADF-9338-4BB3-BC0D-99EBE956C241}.Debug|Any CPU.ActiveCfg = Debug|Any CPU
		{513DBADF-9338-4BB3-BC0D-99EBE956C241}.Debug|Any CPU.Build.0 = Debug|Any CPU
		{513DBADF-9338-4BB3-BC0D-99EBE956C241}.Release|Any CPU.ActiveCfg = Release|Any CPU
		{513DBADF-9338-4BB3-BC0D-99EBE956C241}.Release|Any CPU.Build.0 = Release|Any CPU
		{C790C8E5-2CB6-4234-856C-DEA6E79B6484}.Debug|Any CPU.ActiveCfg = Debug|Any CPU
		{C790C8E5-2CB6-4234-856C-DEA6E79B6484}.Debug|Any CPU.Build.0 = Debug|Any CPU
		{C790C8E5-2CB6-4234-856C-DEA6E79B6484}.Release|Any CPU.ActiveCfg = Release|Any CPU
		{C790C8E5-2CB6-4234-856C-DEA6E79B6484}.Release|Any CPU.Build.0 = Release|Any CPU
		{7EE93CBD-BDBB-47A0-A3A7-600DF83ADA7E}.Debug|Any CPU.ActiveCfg = Debug|Any CPU
		{7EE93CBD-BDBB-47A0-A3A7-600DF83ADA7E}.Debug|Any CPU.Build.0 = Debug|Any CPU
		{7EE93CBD-BDBB-47A0-A3A7-600DF83ADA7E}.Release|Any CPU.ActiveCfg = Release|Any CPU
		{7EE93CBD-BDBB-47A0-A3A7-600DF83ADA7E}.Release|Any CPU.Build.0 = Release|Any CPU
	EndGlobalSection
	GlobalSection(SolutionProperties) = preSolution
		HideSolutionNode = FALSE
	EndGlobalSection
	GlobalSection(ExtensibilityGlobals) = postSolution
		SolutionGuid = {A8ABB793-7F64-4A2E-9BA3-F0233350CEB2}
	EndGlobalSection
EndGlobal
